
Microsoft Visual Studio Solution File, Format Version 12.00
# Visual Studio Version 16
VisualStudioVersion = 16.0.31911.196
MinimumVisualStudioVersion = 10.0.40219.1
Project("{8BC9CEB8-8B4A-11D0-8D11-00A0C91BC942}") = "laba2", "laba2\laba2.vcxproj", "{B0E094EA-C837-4B18-816C-91E8EA4901CC}"
EndProject
Global
	GlobalSection(SolutionConfigurationPlatforms) = preSolution
		Debug|x64 = Debug|x64
		Debug|x86 = Debug|x86
		Release|x64 = Release|x64
		Release|x86 = Release|x86
	EndGlobalSection
	GlobalSection(ProjectConfigurationPlatforms) = postSolution
		{B0E094EA-C837-4B18-816C-91E8EA4901CC}.Debug|x64.ActiveCfg = Debug|x64
		{B0E094EA-C837-4B18-816C-91E8EA4901CC}.Debug|x64.Build.0 = Debug|x64
		{B0E094EA-C837-4B18-816C-91E8EA4901CC}.Debug|x86.ActiveCfg = Debug|Win32
		{B0E094EA-C837-4B18-816C-91E8EA4901CC}.Debug|x86.Build.0 = Debug|Win32
		{B0E094EA-C837-4B18-816C-91E8EA4901CC}.Release|x64.ActiveCfg = Release|x64
		{B0E094EA-C837-4B18-816C-91E8EA4901CC}.Release|x64.Build.0 = Release|x64
		{B0E094EA-C837-4B18-816C-91E8EA4901CC}.Release|x86.ActiveCfg = Release|Win32
		{B0E094EA-C837-4B18-816C-91E8EA4901CC}.Release|x86.Build.0 = Release|Win32
	EndGlobalSection
	GlobalSection(SolutionProperties) = preSolution
		HideSolutionNode = FALSE
	EndGlobalSection
	GlobalSection(ExtensibilityGlobals) = postSolution
		SolutionGuid = {FEF3C7B7-5CF5-42DF-89DD-1C4314499A56}
	EndGlobalSection
EndGlobal
